{
  "name": "bcaconnect",
  "lockfileVersion": 3,
  "requires": true,
  "packages": {
    "": {
      "dependencies": {
        "dexie": "^4.3.0"
      }
    },
    "node_modules/dexie": {
      "version": "4.3.0",
      "resolved": "https://registry.npmjs.org/dexie/-/dexie-4.3.0.tgz",
      "integrity": "sha512-5EeoQpJvMKHe6zWt/FSIIuRa3CWlZeIl6zKXt+Lz7BU6RoRRLgX9dZEynRfXrkLcldKYCBiz7xekTEylnie1Ug==",
      "license": "Apache-2.0"
    }
  }
}
